
Microsoft Visual Studio Solution File, Format Version 12.00
# Visual Studio Version 16
VisualStudioVersion = 16.0.28803.452
MinimumVisualStudioVersion = 10.0.40219.1
Project("{FAE04EC0-301F-11D3-BF4B-00C04F79EFBC}") = "Neo4jSchemaManager", "Neo4jSchemaManager\Neo4jSchemaManager.csproj", "{E12163D1-0D31-49F8-9F30-1E7DBCF5D206}"
EndProject
Project("{FAE04EC0-301F-11D3-BF4B-00C04F79EFBC}") = "Neo4jSchemaManager.Tests", "Neo4jSchemaManager.Tests\Neo4jSchemaManager.Tests.csproj", "{3655AE75-2D3E-4EB1-85D4-CCFAD8382BE8}"
EndProject
Project("{FAE04EC0-301F-11D3-BF4B-00C04F79EFBC}") = "Neo4jSchemaManager.DomainTestSample", "Neo4jSchemaManager.DomainTestSample\Neo4jSchemaManager.DomainTestSample.csproj", "{E59FDA8F-17E0-44AD-97AA-3053701A3E90}"
EndProject
Global
	GlobalSection(SolutionConfigurationPlatforms) = preSolution
		Debug|Any CPU = Debug|Any CPU
		Release|Any CPU = Release|Any CPU
	EndGlobalSection
	GlobalSection(ProjectConfigurationPlatforms) = postSolution
		{E12163D1-0D31-49F8-9F30-1E7DBCF5D206}.Debug|Any CPU.ActiveCfg = Debug|Any CPU
		{E12163D1-0D31-49F8-9F30-1E7DBCF5D206}.Debug|Any CPU.Build.0 = Debug|Any CPU
		{E12163D1-0D31-49F8-9F30-1E7DBCF5D206}.Release|Any CPU.ActiveCfg = Release|Any CPU
		{E12163D1-0D31-49F8-9F30-1E7DBCF5D206}.Release|Any CPU.Build.0 = Release|Any CPU
		{3655AE75-2D3E-4EB1-85D4-CCFAD8382BE8}.Debug|Any CPU.ActiveCfg = Debug|Any CPU
		{3655AE75-2D3E-4EB1-85D4-CCFAD8382BE8}.Debug|Any CPU.Build.0 = Debug|Any CPU
		{3655AE75-2D3E-4EB1-85D4-CCFAD8382BE8}.Release|Any CPU.ActiveCfg = Release|Any CPU
		{3655AE75-2D3E-4EB1-85D4-CCFAD8382BE8}.Release|Any CPU.Build.0 = Release|Any CPU
		{E59FDA8F-17E0-44AD-97AA-3053701A3E90}.Debug|Any CPU.ActiveCfg = Debug|Any CPU
		{E59FDA8F-17E0-44AD-97AA-3053701A3E90}.Debug|Any CPU.Build.0 = Debug|Any CPU
		{E59FDA8F-17E0-44AD-97AA-3053701A3E90}.Release|Any CPU.ActiveCfg = Release|Any CPU
		{E59FDA8F-17E0-44AD-97AA-3053701A3E90}.Release|Any CPU.Build.0 = Release|Any CPU
	EndGlobalSection
	GlobalSection(SolutionProperties) = preSolution
		HideSolutionNode = FALSE
	EndGlobalSection
	GlobalSection(ExtensibilityGlobals) = postSolution
		SolutionGuid = {A0C26221-A251-48B2-B6C1-D242B681C2A7}
	EndGlobalSection
EndGlobal
